
Microsoft Visual Studio Solution File, Format Version 12.00
# Visual Studio Version 16
VisualStudioVersion = 16.0.29509.3
MinimumVisualStudioVersion = 10.0.40219.1
Project("{FAE04EC0-301F-11D3-BF4B-00C04F79EFBC}") = "DecimalToWords", "DecimalToWords\DecimalToWords.csproj", "{FC8323CA-E4DA-4786-AD58-01207CBA382A}"
EndProject
Global
	GlobalSection(SolutionConfigurationPlatforms) = preSolution
		Debug|Any CPU = Debug|Any CPU
		Release|Any CPU = Release|Any CPU
	EndGlobalSection
	GlobalSection(ProjectConfigurationPlatforms) = postSolution
		{FC8323CA-E4DA-4786-AD58-01207CBA382A}.Debug|Any CPU.ActiveCfg = Debug|Any CPU
		{FC8323CA-E4DA-4786-AD58-01207CBA382A}.Debug|Any CPU.Build.0 = Debug|Any CPU
		{FC8323CA-E4DA-4786-AD58-01207CBA382A}.Release|Any CPU.ActiveCfg = Release|Any CPU
		{FC8323CA-E4DA-4786-AD58-01207CBA382A}.Release|Any CPU.Build.0 = Release|Any CPU
	EndGlobalSection
	GlobalSection(SolutionProperties) = preSolution
		HideSolutionNode = FALSE
	EndGlobalSection
	GlobalSection(ExtensibilityGlobals) = postSolution
		SolutionGuid = {B4CE4ACE-4003-40AB-86DB-8B43DF3D3CEE}
	EndGlobalSection
EndGlobal
